{
  "version": 4,
  "terraform_version": "0.13.0",
  "serial": 33,
  "lineage": "67311bc3-0254-4b80-806a-201c1732d69c",
  "outputs": {},
  "resources": [
    {
      "mode": "managed",
      "type": "aws_iam_group",
      "name": "developers",
      "provider": "provider[\"registry.terraform.io/hashicorp/aws\"]",
      "instances": [
        {
          "schema_version": 0,
          "attributes": {
            "arn": "arn:aws:iam::713287746880:group/datascience",
            "id": "datascience",
            "name": "datascience",
            "path": "/",
            "unique_id": "AGPA2ME2DIVAPGWRK54G6"
          },
          "private": "bnVsbA=="
        }
      ]
    },
    {
      "mode": "managed",
      "type": "aws_iam_group_membership",
      "name": "team",
      "provider": "provider[\"registry.terraform.io/hashicorp/aws\"]",
      "instances": [
        {
          "index_key": 0,
          "schema_version": 0,
          "attributes": {
            "group": "datascience",
            "id": "tf-testing-group-membership",
            "name": "tf-testing-group-membership",
            "users": [
              "nargiz"
            ]
          },
          "private": "bnVsbA==",
          "dependencies": [
            "aws_iam_group.developers"
          ]
        },
        {
          "index_key": 1,
          "schema_version": 0,
          "attributes": {
            "group": "datascience",
            "id": "tf-testing-group-membership",
            "name": "tf-testing-group-membership",
            "users": [
              "test2"
            ]
          },
          "private": "bnVsbA==",
          "dependencies": [
            "aws_iam_group.developers"
          ]
        },
        {
          "index_key": 2,
          "schema_version": 0,
          "attributes": {
            "group": "datascience",
            "id": "tf-testing-group-membership",
            "name": "tf-testing-group-membership",
            "users": [
              "newUser"
            ]
          },
          "private": "bnVsbA==",
          "dependencies": [
            "aws_iam_group.developers"
          ]
        }
      ]
    },
    {
      "mode": "managed",
      "type": "aws_iam_group_policy_attachment",
      "name": "datascience",
      "provider": "provider[\"registry.terraform.io/hashicorp/aws\"]",
      "instances": [
        {
          "schema_version": 0,
          "attributes": {
            "group": "datascience",
            "id": "datascience-20201207194055338100000001",
            "policy_arn": "arn:aws:iam::713287746880:policy/DataScience"
          },
          "private": "bnVsbA==",
          "dependencies": [
            "aws_iam_group.developers",
            "aws_iam_policy.DataScience"
          ]
        }
      ]
    },
    {
      "mode": "managed",
      "type": "aws_iam_policy",
      "name": "DataScience",
      "provider": "provider[\"registry.terraform.io/hashicorp/aws\"]",
      "instances": [
        {
          "schema_version": 0,
          "attributes": {
            "arn": "arn:aws:iam::713287746880:policy/DataScience",
            "description": "DataScience",
            "id": "arn:aws:iam::713287746880:policy/DataScience",
            "name": "DataScience",
            "name_prefix": null,
            "path": "/",
            "policy": "{\n   \"Version\": \"2012-10-17\",\n   \"Statement\": [\n      {\n         \"Effect\": \"Allow\",\n         \"Action\": [\n               \"rds-db:connect\"\n         ],\n         \"Resource\": [\n               \"arn:aws:rds-db:us-east-2:713287746880:dbuser:*/*\"\n         ]\n      }\n   ]\n}\n"
          },
          "private": "bnVsbA=="
        }
      ]
    },
    {
      "mode": "managed",
      "type": "aws_iam_user",
      "name": "aws_user",
      "provider": "provider[\"registry.terraform.io/hashicorp/aws\"]",
      "instances": [
        {
          "index_key": 0,
          "schema_version": 0,
          "attributes": {
            "arn": "arn:aws:iam::713287746880:user/nargiz",
            "force_destroy": false,
            "id": "nargiz",
            "name": "nargiz",
            "path": "/",
            "permissions_boundary": null,
            "tags": {},
            "unique_id": "AIDA2ME2DIVAKIWXFQK3B"
          },
          "private": "bnVsbA=="
        },
        {
          "index_key": 1,
          "schema_version": 0,
          "attributes": {
            "arn": "arn:aws:iam::713287746880:user/test2",
            "force_destroy": false,
            "id": "test2",
            "name": "test2",
            "path": "/",
            "permissions_boundary": null,
            "tags": {},
            "unique_id": "AIDA2ME2DIVAOW7BKC24T"
          },
          "private": "bnVsbA=="
        },
        {
          "index_key": 2,
          "schema_version": 0,
          "attributes": {
            "arn": "arn:aws:iam::713287746880:user/newUser",
            "force_destroy": false,
            "id": "newUser",
            "name": "newUser",
            "path": "/",
            "permissions_boundary": null,
            "tags": {},
            "unique_id": "AIDA2ME2DIVAMKA4JRH5F"
          },
          "private": "bnVsbA=="
        }
      ]
    },
    {
      "mode": "managed",
      "type": "postgresql_role",
      "name": "my_role",
      "provider": "provider[\"registry.terraform.io/terraform-providers/postgresql\"]",
      "instances": [
        {
          "index_key": 0,
          "schema_version": 0,
          "attributes": {
            "bypass_row_level_security": false,
            "connection_limit": -1,
            "create_database": false,
            "create_role": false,
            "encrypted": null,
            "encrypted_password": true,
            "id": "nargiz",
            "inherit": true,
            "login": true,
            "name": "nargiz",
            "password": "mypass",
            "replication": false,
            "roles": [
              "rds_iam"
            ],
            "search_path": [],
            "skip_drop_role": false,
            "skip_reassign_owned": false,
            "statement_timeout": 0,
            "superuser": false,
            "valid_until": "infinity"
          },
          "private": "bnVsbA=="
        },
        {
          "index_key": 1,
          "schema_version": 0,
          "attributes": {
            "bypass_row_level_security": false,
            "connection_limit": -1,
            "create_database": false,
            "create_role": false,
            "encrypted": null,
            "encrypted_password": true,
            "id": "test2",
            "inherit": true,
            "login": true,
            "name": "test2",
            "password": "mypass",
            "replication": false,
            "roles": [
              "rds_iam"
            ],
            "search_path": [],
            "skip_drop_role": false,
            "skip_reassign_owned": false,
            "statement_timeout": 0,
            "superuser": false,
            "valid_until": "infinity"
          },
          "private": "bnVsbA=="
        },
        {
          "index_key": 2,
          "schema_version": 0,
          "attributes": {
            "bypass_row_level_security": false,
            "connection_limit": -1,
            "create_database": false,
            "create_role": false,
            "encrypted": null,
            "encrypted_password": true,
            "id": "newUser",
            "inherit": true,
            "login": true,
            "name": "newUser",
            "password": "mypass",
            "replication": false,
            "roles": [
              "rds_iam"
            ],
            "search_path": [],
            "skip_drop_role": false,
            "skip_reassign_owned": false,
            "statement_timeout": 0,
            "superuser": false,
            "valid_until": "infinity"
          },
          "private": "bnVsbA=="
        }
      ]
    }
  ]
}
